// !$*UTF8*$!
{
	archiveVersion = 1;
	classes = {
	};
	objectVersion = 50;
	objects = {

/* Begin PBXBuildFile section */
		2F16548A2313B6B300DA58BB /* AppDelegate.swift in Sources */ = {isa = PBXBuildFile; fileRef = 2F1654892313B6B300DA58BB /* AppDelegate.swift */; };
		2F16548F2313B6B300DA58BB /* Main.storyboard in Resources */ = {isa = PBXBuildFile; fileRef = 2F16548D2313B6B300DA58BB /* Main.storyboard */; };
		2F1654912313B6B400DA58BB /* Assets.xcassets in Resources */ = {isa = PBXBuildFile; fileRef = 2F1654902313B6B400DA58BB /* Assets.xcassets */; };
		2F1654942313B6B400DA58BB /* LaunchScreen.storyboard in Resources */ = {isa = PBXBuildFile; fileRef = 2F1654922313B6B400DA58BB /* LaunchScreen.storyboard */; };
		2F1654B82313D87500DA58BB /* LoginViewController.swift in Sources */ = {isa = PBXBuildFile; fileRef = 2F1654B72313D87500DA58BB /* LoginViewController.swift */; };
		2F3CDEE3231567D80029A214 /* Constants.swift in Sources */ = {isa = PBXBuildFile; fileRef = 2F3CDEE2231567D80029A214 /* Constants.swift */; };
		2F3CDEE5231706CE0029A214 /* Utils.swift in Sources */ = {isa = PBXBuildFile; fileRef = 2F3CDEE4231706CE0029A214 /* Utils.swift */; };
		2F3CDEE7231708B70029A214 /* ProgressSpinner.swift in Sources */ = {isa = PBXBuildFile; fileRef = 2F3CDEE6231708B70029A214 /* ProgressSpinner.swift */; };
		2F4245E2231E8EA800BF7389 /* PostPinController.swift in Sources */ = {isa = PBXBuildFile; fileRef = 2F4245E1231E8EA800BF7389 /* PostPinController.swift */; };
		2F4245E6231FF59200BF7389 /* JSONParser.swift in Sources */ = {isa = PBXBuildFile; fileRef = 2F4245E5231FF59200BF7389 /* JSONParser.swift */; };
		2F483066231520CC00432E9E /* LoginClient.swift in Sources */ = {isa = PBXBuildFile; fileRef = 2F483065231520CB00432E9E /* LoginClient.swift */; };
		2F743068231D2A5A00133FEF /* ResponseHandler.swift in Sources */ = {isa = PBXBuildFile; fileRef = 2F743067231D2A5A00133FEF /* ResponseHandler.swift */; };
		2F74306C231D75B400133FEF /* StudentsListController.swift in Sources */ = {isa = PBXBuildFile; fileRef = 2F74306B231D75B400133FEF /* StudentsListController.swift */; };
		2F74306E231D79E100133FEF /* MapViewController.swift in Sources */ = {isa = PBXBuildFile; fileRef = 2F74306D231D79E100133FEF /* MapViewController.swift */; };
		2F743073231D7FD300133FEF /* ParseClient.swift in Sources */ = {isa = PBXBuildFile; fileRef = 2F743072231D7FD300133FEF /* ParseClient.swift */; };
		2F743076231D81A300133FEF /* StudentInformation.swift in Sources */ = {isa = PBXBuildFile; fileRef = 2F743075231D81A300133FEF /* StudentInformation.swift */; };
		2F743078231D825100133FEF /* StudentList.swift in Sources */ = {isa = PBXBuildFile; fileRef = 2F743077231D825100133FEF /* StudentList.swift */; };
		66A899BEEE0A7E56E0592D6D /* Pods_OnMap.framework in Frameworks */ = {isa = PBXBuildFile; fileRef = 63D5C72816A1730F4BD3D145 /* Pods_OnMap.framework */; };
/* End PBXBuildFile section */

/* Begin PBXContainerItemProxy section */
		2F16549B2313B6B400DA58BB /* PBXContainerItemProxy */ = {
			isa = PBXContainerItemProxy;
			containerPortal = 2F16547E2313B6B300DA58BB /* Project object */;
			proxyType = 1;
			remoteGlobalIDString = 2F1654852313B6B300DA58BB;
			remoteInfo = OnMap;
		};
		2F1654A62313B6B400DA58BB /* PBXContainerItemProxy */ = {
			isa = PBXContainerItemProxy;
			containerPortal = 2F16547E2313B6B300DA58BB /* Project object */;
			proxyType = 1;
			remoteGlobalIDString = 2F1654852313B6B300DA58BB;
			remoteInfo = OnMap;
		};
/* End PBXContainerItemProxy section */

/* Begin PBXFileReference section */
		2F1654862313B6B300DA58BB /* OnMap.app */ = {isa = PBXFileReference; explicitFileType = wrapper.application; includeInIndex = 0; path = OnMap.app; sourceTree = BUILT_PRODUCTS_DIR; };
		2F1654892313B6B300DA58BB /* AppDelegate.swift */ = {isa = PBXFileReference; lastKnownFileType = sourcecode.swift; path = AppDelegate.swift; sourceTree = "<group>"; };
		2F16548E2313B6B300DA58BB /* Base */ = {isa = PBXFileReference; lastKnownFileType = file.storyboard; name = Base; path = Base.lproj/Main.storyboard; sourceTree = "<group>"; };
		2F1654902313B6B400DA58BB /* Assets.xcassets */ = {isa = PBXFileReference; lastKnownFileType = folder.assetcatalog; path = Assets.xcassets; sourceTree = "<group>"; };
		2F1654932313B6B400DA58BB /* Base */ = {isa = PBXFileReference; lastKnownFileType = file.storyboard; name = Base; path = Base.lproj/LaunchScreen.storyboard; sourceTree = "<group>"; };
		2F1654952313B6B400DA58BB /* Info.plist */ = {isa = PBXFileReference; lastKnownFileType = text.plist.xml; path = Info.plist; sourceTree = "<group>"; };
		2F16549A2313B6B400DA58BB /* OnMapTests.xctest */ = {isa = PBXFileReference; explicitFileType = wrapper.cfbundle; includeInIndex = 0; path = OnMapTests.xctest; sourceTree = BUILT_PRODUCTS_DIR; };
		2F1654A52313B6B400DA58BB /* OnMapUITests.xctest */ = {isa = PBXFileReference; explicitFileType = wrapper.cfbundle; includeInIndex = 0; path = OnMapUITests.xctest; sourceTree = BUILT_PRODUCTS_DIR; };
		2F1654B72313D87500DA58BB /* LoginViewController.swift */ = {isa = PBXFileReference; fileEncoding = 4; lastKnownFileType = sourcecode.swift; path = LoginViewController.swift; sourceTree = "<group>"; };
		2F3CDEE2231567D80029A214 /* Constants.swift */ = {isa = PBXFileReference; lastKnownFileType = sourcecode.swift; path = Constants.swift; sourceTree = "<group>"; };
		2F3CDEE4231706CE0029A214 /* Utils.swift */ = {isa = PBXFileReference; lastKnownFileType = sourcecode.swift; path = Utils.swift; sourceTree = "<group>"; };
		2F3CDEE6231708B70029A214 /* ProgressSpinner.swift */ = {isa = PBXFileReference; lastKnownFileType = sourcecode.swift; path = ProgressSpinner.swift; sourceTree = "<group>"; };
		2F3CDEE8231949740029A214 /* FacebookCore */ = {isa = PBXFileReference; lastKnownFileType = folder; name = FacebookCore; path = Pods/FacebookCore; sourceTree = "<group>"; };
		2F3CDEEA231949810029A214 /* FacebookLogin */ = {isa = PBXFileReference; lastKnownFileType = folder; name = FacebookLogin; path = Pods/FacebookLogin; sourceTree = "<group>"; };
		2F3CDEEC2319498B0029A214 /* FBSDKCoreKit */ = {isa = PBXFileReference; lastKnownFileType = folder; name = FBSDKCoreKit; path = Pods/FBSDKCoreKit; sourceTree = "<group>"; };
		2F3CDEEE231949920029A214 /* FBSDKLoginKit */ = {isa = PBXFileReference; lastKnownFileType = folder; name = FBSDKLoginKit; path = Pods/FBSDKLoginKit; sourceTree = "<group>"; };
		2F4245E1231E8EA800BF7389 /* PostPinController.swift */ = {isa = PBXFileReference; lastKnownFileType = sourcecode.swift; path = PostPinController.swift; sourceTree = "<group>"; };
		2F4245E5231FF59200BF7389 /* JSONParser.swift */ = {isa = PBXFileReference; lastKnownFileType = sourcecode.swift; path = JSONParser.swift; sourceTree = "<group>"; };
		2F483065231520CB00432E9E /* LoginClient.swift */ = {isa = PBXFileReference; lastKnownFileType = sourcecode.swift; path = LoginClient.swift; sourceTree = "<group>"; };
		2F743067231D2A5A00133FEF /* ResponseHandler.swift */ = {isa = PBXFileReference; lastKnownFileType = sourcecode.swift; path = ResponseHandler.swift; sourceTree = "<group>"; };
		2F74306B231D75B400133FEF /* StudentsListController.swift */ = {isa = PBXFileReference; lastKnownFileType = sourcecode.swift; path = StudentsListController.swift; sourceTree = "<group>"; };
		2F74306D231D79E100133FEF /* MapViewController.swift */ = {isa = PBXFileReference; lastKnownFileType = sourcecode.swift; path = MapViewController.swift; sourceTree = "<group>"; };
		2F743072231D7FD300133FEF /* ParseClient.swift */ = {isa = PBXFileReference; lastKnownFileType = sourcecode.swift; path = ParseClient.swift; sourceTree = "<group>"; };
		2F743075231D81A300133FEF /* StudentInformation.swift */ = {isa = PBXFileReference; lastKnownFileType = sourcecode.swift; path = StudentInformation.swift; sourceTree = "<group>"; };
		2F743077231D825100133FEF /* StudentList.swift */ = {isa = PBXFileReference; lastKnownFileType = sourcecode.swift; path = StudentList.swift; sourceTree = "<group>"; };
		63D5C72816A1730F4BD3D145 /* Pods_OnMap.framework */ = {isa = PBXFileReference; explicitFileType = wrapper.framework; includeInIndex = 0; path = Pods_OnMap.framework; sourceTree = BUILT_PRODUCTS_DIR; };
		6715CAF80660583936F27553 /* Pods-OnMap.release.xcconfig */ = {isa = PBXFileReference; includeInIndex = 1; lastKnownFileType = text.xcconfig; name = "Pods-OnMap.release.xcconfig"; path = "Target Support Files/Pods-OnMap/Pods-OnMap.release.xcconfig"; sourceTree = "<group>"; };
		BEFA79ACAA27043BE65A920C /* Pods-OnMap.debug.xcconfig */ = {isa = PBXFileReference; includeInIndex = 1; lastKnownFileType = text.xcconfig; name = "Pods-OnMap.debug.xcconfig"; path = "Target Support Files/Pods-OnMap/Pods-OnMap.debug.xcconfig"; sourceTree = "<group>"; };
/* End PBXFileReference section */

/* Begin PBXFrameworksBuildPhase section */
		2F1654832313B6B300DA58BB /* Frameworks */ = {
			isa = PBXFrameworksBuildPhase;
			buildActionMask = 2147483647;
			files = (
				66A899BEEE0A7E56E0592D6D /* Pods_OnMap.framework in Frameworks */,
			);
			runOnlyForDeploymentPostprocessing = 0;
		};
		2F1654972313B6B400DA58BB /* Frameworks */ = {
			isa = PBXFrameworksBuildPhase;
			buildActionMask = 2147483647;
			files = (
			);
			runOnlyForDeploymentPostprocessing = 0;
		};
		2F1654A22313B6B400DA58BB /* Frameworks */ = {
			isa = PBXFrameworksBuildPhase;
			buildActionMask = 2147483647;
			files = (
			);
			runOnlyForDeploymentPostprocessing = 0;
		};
/* End PBXFrameworksBuildPhase section */

/* Begin PBXGroup section */
		2F16547D2313B6B300DA58BB = {
			isa = PBXGroup;
			children = (
				2F1654882313B6B300DA58BB /* OnMap */,
				2F1654872313B6B300DA58BB /* Products */,
				35D566381C937BC970858C74 /* Pods */,
				ECDF06D5E8CCA0E114F3C5FA /* Frameworks */,
			);
			sourceTree = "<group>";
		};
		2F1654872313B6B300DA58BB /* Products */ = {
			isa = PBXGroup;
			children = (
				2F1654862313B6B300DA58BB /* OnMap.app */,
				2F16549A2313B6B400DA58BB /* OnMapTests.xctest */,
				2F1654A52313B6B400DA58BB /* OnMapUITests.xctest */,
			);
			name = Products;
			sourceTree = "<group>";
		};
		2F1654882313B6B300DA58BB /* OnMap */ = {
			isa = PBXGroup;
			children = (
				2F743074231D817900133FEF /* Data */,
				2F743071231D7F9700133FEF /* Helpers */,
				2F743070231D7F7100133FEF /* Clients */,
				2F74306F231D7F0A00133FEF /* Controllers */,
				2F1654892313B6B300DA58BB /* AppDelegate.swift */,
				2F16548D2313B6B300DA58BB /* Main.storyboard */,
				2F1654902313B6B400DA58BB /* Assets.xcassets */,
				2F1654922313B6B400DA58BB /* LaunchScreen.storyboard */,
				2F1654952313B6B400DA58BB /* Info.plist */,
			);
			path = OnMap;
			sourceTree = "<group>";
		};
		2F74306F231D7F0A00133FEF /* Controllers */ = {
			isa = PBXGroup;
			children = (
				2F1654B72313D87500DA58BB /* LoginViewController.swift */,
				2F74306D231D79E100133FEF /* MapViewController.swift */,
				2F74306B231D75B400133FEF /* StudentsListController.swift */,
				2F4245E1231E8EA800BF7389 /* PostPinController.swift */,
			);
			path = Controllers;
			sourceTree = "<group>";
		};
		2F743070231D7F7100133FEF /* Clients */ = {
			isa = PBXGroup;
			children = (
				2F483065231520CB00432E9E /* LoginClient.swift */,
				2F743072231D7FD300133FEF /* ParseClient.swift */,
			);
			path = Clients;
			sourceTree = "<group>";
		};
		2F743071231D7F9700133FEF /* Helpers */ = {
			isa = PBXGroup;
			children = (
				2F3CDEE4231706CE0029A214 /* Utils.swift */,
				2F3CDEE2231567D80029A214 /* Constants.swift */,
				2F743067231D2A5A00133FEF /* ResponseHandler.swift */,
				2F3CDEE6231708B70029A214 /* ProgressSpinner.swift */,
				2F4245E5231FF59200BF7389 /* JSONParser.swift */,
			);
			path = Helpers;
			sourceTree = "<group>";
		};
		2F743074231D817900133FEF /* Data */ = {
			isa = PBXGroup;
			children = (
				2F743075231D81A300133FEF /* StudentInformation.swift */,
				2F743077231D825100133FEF /* StudentList.swift */,
			);
			path = Data;
			sourceTree = "<group>";
		};
		35D566381C937BC970858C74 /* Pods */ = {
			isa = PBXGroup;
			children = (
				6715CAF80660583936F27553 /* Pods-OnMap.release.xcconfig */,
				BEFA79ACAA27043BE65A920C /* Pods-OnMap.debug.xcconfig */,
			);
			path = Pods;
			sourceTree = "<group>";
		};
		ECDF06D5E8CCA0E114F3C5FA /* Frameworks */ = {
			isa = PBXGroup;
			children = (
				2F3CDEEE231949920029A214 /* FBSDKLoginKit */,
				2F3CDEEC2319498B0029A214 /* FBSDKCoreKit */,
				2F3CDEEA231949810029A214 /* FacebookLogin */,
				2F3CDEE8231949740029A214 /* FacebookCore */,
				63D5C72816A1730F4BD3D145 /* Pods_OnMap.framework */,
			);
			name = Frameworks;
			sourceTree = "<group>";
		};
/* End PBXGroup section */

/* Begin PBXNativeTarget section */
		2F1654852313B6B300DA58BB /* OnMap */ = {
			isa = PBXNativeTarget;
			buildConfigurationList = 2F1654AE2313B6B400DA58BB /* Build configuration list for PBXNativeTarget "OnMap" */;
			buildPhases = (
				FC539F02E4E029C59C6FBB9A /* [CP] Check Pods Manifest.lock */,
				2F1654822313B6B300DA58BB /* Sources */,
				2F1654832313B6B300DA58BB /* Frameworks */,
				2F1654842313B6B300DA58BB /* Resources */,
				D9CA75E2BF46A6BACD6D8682 /* [CP] Embed Pods Frameworks */,
			);
			buildRules = (
			);
			dependencies = (
			);
			name = OnMap;
			productName = OnMap;
			productReference = 2F1654862313B6B300DA58BB /* OnMap.app */;
			productType = "com.apple.product-type.application";
		};
		2F1654992313B6B400DA58BB /* OnMapTests */ = {
			isa = PBXNativeTarget;
			buildConfigurationList = 2F1654B12313B6B400DA58BB /* Build configuration list for PBXNativeTarget "OnMapTests" */;
			buildPhases = (
				2F1654962313B6B400DA58BB /* Sources */,
				2F1654972313B6B400DA58BB /* Frameworks */,
				2F1654982313B6B400DA58BB /* Resources */,
			);
			buildRules = (
			);
			dependencies = (
				2F16549C2313B6B400DA58BB /* PBXTargetDependency */,
			);
			name = OnMapTests;
			productName = OnMapTests;
			productReference = 2F16549A2313B6B400DA58BB /* OnMapTests.xctest */;
			productType = "com.apple.product-type.bundle.unit-test";
		};
		2F1654A42313B6B400DA58BB /* OnMapUITests */ = {
			isa = PBXNativeTarget;
			buildConfigurationList = 2F1654B42313B6B400DA58BB /* Build configuration list for PBXNativeTarget "OnMapUITests" */;
			buildPhases = (
				2F1654A12313B6B400DA58BB /* Sources */,
				2F1654A22313B6B400DA58BB /* Frameworks */,
				2F1654A32313B6B400DA58BB /* Resources */,
			);
			buildRules = (
			);
			dependencies = (
				2F1654A72313B6B400DA58BB /* PBXTargetDependency */,
			);
			name = OnMapUITests;
			productName = OnMapUITests;
			productReference = 2F1654A52313B6B400DA58BB /* OnMapUITests.xctest */;
			productType = "com.apple.product-type.bundle.ui-testing";
		};
/* End PBXNativeTarget section */

/* Begin PBXProject section */
		2F16547E2313B6B300DA58BB /* Project object */ = {
			isa = PBXProject;
			attributes = {
				LastSwiftUpdateCheck = 1030;
				LastUpgradeCheck = 1030;
				ORGANIZATIONNAME = "Varosyan, Anna";
				TargetAttributes = {
					2F1654852313B6B300DA58BB = {
						CreatedOnToolsVersion = 10.3;
					};
					2F1654992313B6B400DA58BB = {
						CreatedOnToolsVersion = 10.3;
						TestTargetID = 2F1654852313B6B300DA58BB;
					};
					2F1654A42313B6B400DA58BB = {
						CreatedOnToolsVersion = 10.3;
						TestTargetID = 2F1654852313B6B300DA58BB;
					};
				};
			};
			buildConfigurationList = 2F1654812313B6B300DA58BB /* Build configuration list for PBXProject "OnMap" */;
			compatibilityVersion = "Xcode 9.3";
			developmentRegion = en;
			hasScannedForEncodings = 0;
			knownRegions = (
				en,
				Base,
			);
			mainGroup = 2F16547D2313B6B300DA58BB;
			productRefGroup = 2F1654872313B6B300DA58BB /* Products */;
			projectDirPath = "";
			projectRoot = "";
			targets = (
				2F1654852313B6B300DA58BB /* OnMap */,
				2F1654992313B6B400DA58BB /* OnMapTests */,
				2F1654A42313B6B400DA58BB /* OnMapUITests */,
			);
		};
/* End PBXProject section */

/* Begin PBXResourcesBuildPhase section */
		2F1654842313B6B300DA58BB /* Resources */ = {
			isa = PBXResourcesBuildPhase;
			buildActionMask = 2147483647;
			files = (
				2F1654942313B6B400DA58BB /* LaunchScreen.storyboard in Resources */,
				2F1654912313B6B400DA58BB /* Assets.xcassets in Resources */,
				2F16548F2313B6B300DA58BB /* Main.storyboard in Resources */,
			);
			runOnlyForDeploymentPostprocessing = 0;
		};
		2F1654982313B6B400DA58BB /* Resources */ = {
			isa = PBXResourcesBuildPhase;
			buildActionMask = 2147483647;
			files = (
			);
			runOnlyForDeploymentPostprocessing = 0;
		};
		2F1654A32313B6B400DA58BB /* Resources */ = {
			isa = PBXResourcesBuildPhase;
			buildActionMask = 2147483647;
			files = (
			);
			runOnlyForDeploymentPostprocessing = 0;
		};
/* End PBXResourcesBuildPhase section */

/* Begin PBXShellScriptBuildPhase section */
		D9CA75E2BF46A6BACD6D8682 /* [CP] Embed Pods Frameworks */ = {
			isa = PBXShellScriptBuildPhase;
			buildActionMask = 2147483647;
			files = (
			);
			inputFileListPaths = (
			);
			name = "[CP] Embed Pods Frameworks";
			outputFileListPaths = (
			);
			runOnlyForDeploymentPostprocessing = 0;
			shellPath = /bin/sh;
			shellScript = "\"${PODS_ROOT}/Target Support Files/Pods-OnMap/Pods-OnMap-frameworks.sh\"\n";
			showEnvVarsInLog = 0;
		};
		FC539F02E4E029C59C6FBB9A /* [CP] Check Pods Manifest.lock */ = {
			isa = PBXShellScriptBuildPhase;
			buildActionMask = 2147483647;
			files = (
			);
			inputFileListPaths = (
			);
			inputPaths = (
				"${PODS_PODFILE_DIR_PATH}/Podfile.lock",
				"${PODS_ROOT}/Manifest.lock",
			);
			name = "[CP] Check Pods Manifest.lock";
			outputFileListPaths = (
			);
			outputPaths = (
				"$(DERIVED_FILE_DIR)/Pods-OnMap-checkManifestLockResult.txt",
			);
			runOnlyForDeploymentPostprocessing = 0;
			shellPath = /bin/sh;
			shellScript = "diff \"${PODS_PODFILE_DIR_PATH}/Podfile.lock\" \"${PODS_ROOT}/Manifest.lock\" > /dev/null\nif [ $? != 0 ] ; then\n    # print error to STDERR\n    echo \"error: The sandbox is not in sync with the Podfile.lock. Run 'pod install' or update your CocoaPods installation.\" >&2\n    exit 1\nfi\n# This output is used by Xcode 'outputs' to avoid re-running this script phase.\necho \"SUCCESS\" > \"${SCRIPT_OUTPUT_FILE_0}\"\n";
			showEnvVarsInLog = 0;
		};
/* End PBXShellScriptBuildPhase section */

/* Begin PBXSourcesBuildPhase section */
		2F1654822313B6B300DA58BB /* Sources */ = {
			isa = PBXSourcesBuildPhase;
			buildActionMask = 2147483647;
			files = (
				2F3CDEE5231706CE0029A214 /* Utils.swift in Sources */,
				2F74306C231D75B400133FEF /* StudentsListController.swift in Sources */,
				2F4245E6231FF59200BF7389 /* JSONParser.swift in Sources */,
				2F483066231520CC00432E9E /* LoginClient.swift in Sources */,
				2F743078231D825100133FEF /* StudentList.swift in Sources */,
				2F743076231D81A300133FEF /* StudentInformation.swift in Sources */,
				2F3CDEE7231708B70029A214 /* ProgressSpinner.swift in Sources */,
				2F74306E231D79E100133FEF /* MapViewController.swift in Sources */,
				2F1654B82313D87500DA58BB /* LoginViewController.swift in Sources */,
				2F743073231D7FD300133FEF /* ParseClient.swift in Sources */,
				2F16548A2313B6B300DA58BB /* AppDelegate.swift in Sources */,
				2F4245E2231E8EA800BF7389 /* PostPinController.swift in Sources */,
				2F3CDEE3231567D80029A214 /* Constants.swift in Sources */,
				2F743068231D2A5A00133FEF /* ResponseHandler.swift in Sources */,
			);
			runOnlyForDeploymentPostprocessing = 0;
		};
		2F1654962313B6B400DA58BB /* Sources */ = {
			isa = PBXSourcesBuildPhase;
			buildActionMask = 2147483647;
			files = (
			);
			runOnlyForDeploymentPostprocessing = 0;
		};
		2F1654A12313B6B400DA58BB /* Sources */ = {
			isa = PBXSourcesBuildPhase;
			buildActionMask = 2147483647;
			files = (
			);
			runOnlyForDeploymentPostprocessing = 0;
		};
/* End PBXSourcesBuildPhase section */

/* Begin PBXTargetDependency section */
		2F16549C2313B6B400DA58BB /* PBXTargetDependency */ = {
			isa = PBXTargetDependency;
			target = 2F1654852313B6B300DA58BB /* OnMap */;
			targetProxy = 2F16549B2313B6B400DA58BB /* PBXContainerItemProxy */;
		};
		2F1654A72313B6B400DA58BB /* PBXTargetDependency */ = {
			isa = PBXTargetDependency;
			target = 2F1654852313B6B300DA58BB /* OnMap */;
			targetProxy = 2F1654A62313B6B400DA58BB /* PBXContainerItemProxy */;
		};
/* End PBXTargetDependency section */

/* Begin PBXVariantGroup section */
		2F16548D2313B6B300DA58BB /* Main.storyboard */ = {
			isa = PBXVariantGroup;
			children = (
				2F16548E2313B6B300DA58BB /* Base */,
			);
			name = Main.storyboard;
			sourceTree = "<group>";
		};
		2F1654922313B6B400DA58BB /* LaunchScreen.storyboard */ = {
			isa = PBXVariantGroup;
			children = (
				2F1654932313B6B400DA58BB /* Base */,
			);
			name = LaunchScreen.storyboard;
			sourceTree = "<group>";
		};
/* End PBXVariantGroup section */

/* Begin XCBuildConfiguration section */
		2F1654AC2313B6B400DA58BB /* Debug */ = {
			isa = XCBuildConfiguration;
			buildSettings = {
				ALWAYS_SEARCH_USER_PATHS = NO;
				CLANG_ANALYZER_NONNULL = YES;
				CLANG_ANALYZER_NUMBER_OBJECT_CONVERSION = YES_AGGRESSIVE;
				CLANG_CXX_LANGUAGE_STANDARD = "gnu++14";
				CLANG_CXX_LIBRARY = "libc++";
				CLANG_ENABLE_MODULES = YES;
				CLANG_ENABLE_OBJC_ARC = YES;
				CLANG_ENABLE_OBJC_WEAK = YES;
				CLANG_WARN_BLOCK_CAPTURE_AUTORELEASING = YES;
				CLANG_WARN_BOOL_CONVERSION = YES;
				CLANG_WARN_COMMA = YES;
				CLANG_WARN_CONSTANT_CONVERSION = YES;
				CLANG_WARN_DEPRECATED_OBJC_IMPLEMENTATIONS = YES;
				CLANG_WARN_DIRECT_OBJC_ISA_USAGE = YES_ERROR;
				CLANG_WARN_DOCUMENTATION_COMMENTS = YES;
				CLANG_WARN_EMPTY_BODY = YES;
				CLANG_WARN_ENUM_CONVERSION = YES;
				CLANG_WARN_INFINITE_RECURSION = YES;
				CLANG_WARN_INT_CONVERSION = YES;
				CLANG_WARN_NON_LITERAL_NULL_CONVERSION = YES;
				CLANG_WARN_OBJC_IMPLICIT_RETAIN_SELF = YES;
				CLANG_WARN_OBJC_LITERAL_CONVERSION = YES;
				CLANG_WARN_OBJC_ROOT_CLASS = YES_ERROR;
				CLANG_WARN_RANGE_LOOP_ANALYSIS = YES;
				CLANG_WARN_STRICT_PROTOTYPES = YES;
				CLANG_WARN_SUSPICIOUS_MOVE = YES;
				CLANG_WARN_UNGUARDED_AVAILABILITY = YES_AGGRESSIVE;
				CLANG_WARN_UNREACHABLE_CODE = YES;
				CLANG_WARN__DUPLICATE_METHOD_MATCH = YES;
				CODE_SIGN_IDENTITY = "iPhone Developer";
				COPY_PHASE_STRIP = NO;
				DEBUG_INFORMATION_FORMAT = dwarf;
				ENABLE_STRICT_OBJC_MSGSEND = YES;
				ENABLE_TESTABILITY = YES;
				FRAMEWORK_SEARCH_PATHS = "${PODS_CONFIGURATION_BUILD_DIR}/**";
				GCC_C_LANGUAGE_STANDARD = gnu11;
				GCC_DYNAMIC_NO_PIC = NO;
				GCC_NO_COMMON_BLOCKS = YES;
				GCC_OPTIMIZATION_LEVEL = 0;
				GCC_PREPROCESSOR_DEFINITIONS = (
					"DEBUG=1",
					"$(inherited)",
				);
				GCC_WARN_64_TO_32_BIT_CONVERSION = YES;
				GCC_WARN_ABOUT_RETURN_TYPE = YES_ERROR;
				GCC_WARN_UNDECLARED_SELECTOR = YES;
				GCC_WARN_UNINITIALIZED_AUTOS = YES_AGGRESSIVE;
				GCC_WARN_UNUSED_FUNCTION = YES;
				GCC_WARN_UNUSED_VARIABLE = YES;
				IPHONEOS_DEPLOYMENT_TARGET = 12.4;
				MTL_ENABLE_DEBUG_INFO = INCLUDE_SOURCE;
				MTL_FAST_MATH = YES;
				ONLY_ACTIVE_ARCH = YES;
				SDKROOT = iphoneos;
				SWIFT_ACTIVE_COMPILATION_CONDITIONS = DEBUG;
				SWIFT_OPTIMIZATION_LEVEL = "-Onone";
			};
			name = Debug;
		};
		2F1654AD2313B6B400DA58BB /* Release */ = {
			isa = XCBuildConfiguration;
			buildSettings = {
				ALWAYS_SEARCH_USER_PATHS = NO;
				CLANG_ANALYZER_NONNULL = YES;
				CLANG_ANALYZER_NUMBER_OBJECT_CONVERSION = YES_AGGRESSIVE;
				CLANG_CXX_LANGUAGE_STANDARD = "gnu++14";
				CLANG_CXX_LIBRARY = "libc++";
				CLANG_ENABLE_MODULES = YES;
				CLANG_ENABLE_OBJC_ARC = YES;
				CLANG_ENABLE_OBJC_WEAK = YES;
				CLANG_WARN_BLOCK_CAPTURE_AUTORELEASING = YES;
				CLANG_WARN_BOOL_CONVERSION = YES;
				CLANG_WARN_COMMA = YES;
				CLANG_WARN_CONSTANT_CONVERSION = YES;
				CLANG_WARN_DEPRECATED_OBJC_IMPLEMENTATIONS = YES;
				CLANG_WARN_DIRECT_OBJC_ISA_USAGE = YES_ERROR;
				CLANG_WARN_DOCUMENTATION_COMMENTS = YES;
				CLANG_WARN_EMPTY_BODY = YES;
				CLANG_WARN_ENUM_CONVERSION = YES;
				CLANG_WARN_INFINITE_RECURSION = YES;
				CLANG_WARN_INT_CONVERSION = YES;
				CLANG_WARN_NON_LITERAL_NULL_CONVERSION = YES;
				CLANG_WARN_OBJC_IMPLICIT_RETAIN_SELF = YES;
				CLANG_WARN_OBJC_LITERAL_CONVERSION = YES;
				CLANG_WARN_OBJC_ROOT_CLASS = YES_ERROR;
				CLANG_WARN_RANGE_LOOP_ANALYSIS = YES;
				CLANG_WARN_STRICT_PROTOTYPES = YES;
				CLANG_WARN_SUSPICIOUS_MOVE = YES;
				CLANG_WARN_UNGUARDED_AVAILABILITY = YES_AGGRESSIVE;
				CLANG_WARN_UNREACHABLE_CODE = YES;
				CLANG_WARN__DUPLICATE_METHOD_MATCH = YES;
				CODE_SIGN_IDENTITY = "iPhone Developer";
				COPY_PHASE_STRIP = NO;
				DEBUG_INFORMATION_FORMAT = "dwarf-with-dsym";
				ENABLE_NS_ASSERTIONS = NO;
				ENABLE_STRICT_OBJC_MSGSEND = YES;
				FRAMEWORK_SEARCH_PATHS = "${PODS_CONFIGURATION_BUILD_DIR}/**";
				GCC_C_LANGUAGE_STANDARD = gnu11;
				GCC_NO_COMMON_BLOCKS = YES;
				GCC_WARN_64_TO_32_BIT_CONVERSION = YES;
				GCC_WARN_ABOUT_RETURN_TYPE = YES_ERROR;
				GCC_WARN_UNDECLARED_SELECTOR = YES;
				GCC_WARN_UNINITIALIZED_AUTOS = YES_AGGRESSIVE;
				GCC_WARN_UNUSED_FUNCTION = YES;
				GCC_WARN_UNUSED_VARIABLE = YES;
				IPHONEOS_DEPLOYMENT_TARGET = 12.4;
				MTL_ENABLE_DEBUG_INFO = NO;
				MTL_FAST_MATH = YES;
				SDKROOT = iphoneos;
				SWIFT_COMPILATION_MODE = wholemodule;
				SWIFT_OPTIMIZATION_LEVEL = "-O";
				VALIDATE_PRODUCT = YES;
			};
			name = Release;
		};
		2F1654AF2313B6B400DA58BB /* Debug */ = {
			isa = XCBuildConfiguration;
			baseConfigurationReference = BEFA79ACAA27043BE65A920C /* Pods-OnMap.debug.xcconfig */;
			buildSettings = {
				ASSETCATALOG_COMPILER_APPICON_NAME = AppIcon;
				CODE_SIGN_STYLE = Automatic;
				DEVELOPMENT_TEAM = 56733PJHVA;
				INFOPLIST_FILE = OnMap/Info.plist;
				LD_RUNPATH_SEARCH_PATHS = (
					"$(inherited)",
					"@executable_path/Frameworks",
				);
				OTHER_LDFLAGS = (
					"$(inherited)",
					"-l\"z\"",
					"-weak_framework",
					"\"Accounts\"",
					"-weak_framework",
					"\"AudioToolbox\"",
					"-weak_framework",
					"\"CoreGraphics\"",
					"-weak_framework",
					"\"CoreLocation\"",
					"-weak_framework",
					"\"Foundation\"",
					"-weak_framework",
					"\"QuartzCore\"",
					"-weak_framework",
					"\"Security\"",
					"-weak_framework",
					"\"Social\"",
					"-weak_framework",
					"\"UIKit\"",
					"-ObjC",
				);
				PRODUCT_BUNDLE_IDENTIFIER = anna.OnMap;
				PRODUCT_NAME = "$(TARGET_NAME)";
				SWIFT_VERSION = 5.0;
				TARGETED_DEVICE_FAMILY = "1,2";
				"USER_HEADER_SEARCH_PATHS[arch=*]" = (
					"\"${PODS_ROOT}/\"/**",
					"\"${PODS_CONFIGURATION_BUILD_DIR}/\"/**",
				);
			};
			name = Debug;
		};
		2F1654B02313B6B400DA58BB /* Release */ = {
			isa = XCBuildConfiguration;
			baseConfigurationReference = 6715CAF80660583936F27553 /* Pods-OnMap.release.xcconfig */;
			buildSettings = {
				ASSETCATALOG_COMPILER_APPICON_NAME = AppIcon;
				CODE_SIGN_STYLE = Automatic;
				DEVELOPMENT_TEAM = 56733PJHVA;
				INFOPLIST_FILE = OnMap/Info.plist;
				LD_RUNPATH_SEARCH_PATHS = (
					"$(inherited)",
					"@executable_path/Frameworks",
				);
				OTHER_LDFLAGS = (
					"$(inherited)",
					"-l\"z\"",
					"-weak_framework",
					"\"Accounts\"",
					"-weak_framework",
					"\"AudioToolbox\"",
					"-weak_framework",
					"\"CoreGraphics\"",
					"-weak_framework",
					"\"CoreLocation\"",
					"-weak_framework",
					"\"Foundation\"",
					"-weak_framework",
					"\"QuartzCore\"",
					"-weak_framework",
					"\"Security\"",
					"-weak_framework",
					"\"Social\"",
					"-weak_framework",
					"\"UIKit\"",
					"-ObjC",
				);
				PRODUCT_BUNDLE_IDENTIFIER = anna.OnMap;
				PRODUCT_NAME = "$(TARGET_NAME)";
				SWIFT_VERSION = 5.0;
				TARGETED_DEVICE_FAMILY = "1,2";
				"USER_HEADER_SEARCH_PATHS[arch=*]" = (
					"\"${PODS_ROOT}/\"/**",
					"\"${PODS_CONFIGURATION_BUILD_DIR}/\"/**",
				);
			};
			name = Release;
		};
		2F1654B22313B6B400DA58BB /* Debug */ = {
			isa = XCBuildConfiguration;
			buildSettings = {
				ALWAYS_EMBED_SWIFT_STANDARD_LIBRARIES = YES;
				BUNDLE_LOADER = "$(TEST_HOST)";
				CODE_SIGN_STYLE = Automatic;
				DEVELOPMENT_TEAM = 56733PJHVA;
				INFOPLIST_FILE = OnMapTests/Info.plist;
				LD_RUNPATH_SEARCH_PATHS = (
					"$(inherited)",
					"@executable_path/Frameworks",
					"@loader_path/Frameworks",
				);
				PRODUCT_BUNDLE_IDENTIFIER = anna.OnMapTests;
				PRODUCT_NAME = "$(TARGET_NAME)";
				SWIFT_VERSION = 5.0;
				TARGETED_DEVICE_FAMILY = "1,2";
				TEST_HOST = "$(BUILT_PRODUCTS_DIR)/OnMap.app/OnMap";
			};
			name = Debug;
		};
		2F1654B32313B6B400DA58BB /* Release */ = {
			isa = XCBuildConfiguration;
			buildSettings = {
				ALWAYS_EMBED_SWIFT_STANDARD_LIBRARIES = YES;
				BUNDLE_LOADER = "$(TEST_HOST)";
				CODE_SIGN_STYLE = Automatic;
				DEVELOPMENT_TEAM = 56733PJHVA;
				INFOPLIST_FILE = OnMapTests/Info.plist;
				LD_RUNPATH_SEARCH_PATHS = (
					"$(inherited)",
					"@executable_path/Frameworks",
					"@loader_path/Frameworks",
				);
				PRODUCT_BUNDLE_IDENTIFIER = anna.OnMapTests;
				PRODUCT_NAME = "$(TARGET_NAME)";
				SWIFT_VERSION = 5.0;
				TARGETED_DEVICE_FAMILY = "1,2";
				TEST_HOST = "$(BUILT_PRODUCTS_DIR)/OnMap.app/OnMap";
			};
			name = Release;
		};
		2F1654B52313B6B400DA58BB /* Debug */ = {
			isa = XCBuildConfiguration;
			buildSettings = {
				ALWAYS_EMBED_SWIFT_STANDARD_LIBRARIES = YES;
				CODE_SIGN_STYLE = Automatic;
				DEVELOPMENT_TEAM = 56733PJHVA;
				INFOPLIST_FILE = OnMapUITests/Info.plist;
				LD_RUNPATH_SEARCH_PATHS = (
					"$(inherited)",
					"@executable_path/Frameworks",
					"@loader_path/Frameworks",
				);
				PRODUCT_BUNDLE_IDENTIFIER = anna.OnMapUITests;
				PRODUCT_NAME = "$(TARGET_NAME)";
				SWIFT_VERSION = 5.0;
				TARGETED_DEVICE_FAMILY = "1,2";
				TEST_TARGET_NAME = OnMap;
			};
			name = Debug;
		};
		2F1654B62313B6B400DA58BB /* Release */ = {
			isa = XCBuildConfiguration;
			buildSettings = {
				ALWAYS_EMBED_SWIFT_STANDARD_LIBRARIES = YES;
				CODE_SIGN_STYLE = Automatic;
				DEVELOPMENT_TEAM = 56733PJHVA;
				INFOPLIST_FILE = OnMapUITests/Info.plist;
				LD_RUNPATH_SEARCH_PATHS = (
					"$(inherited)",
					"@executable_path/Frameworks",
					"@loader_path/Frameworks",
				);
				PRODUCT_BUNDLE_IDENTIFIER = anna.OnMapUITests;
				PRODUCT_NAME = "$(TARGET_NAME)";
				SWIFT_VERSION = 5.0;
				TARGETED_DEVICE_FAMILY = "1,2";
				TEST_TARGET_NAME = OnMap;
			};
			name = Release;
		};
/* End XCBuildConfiguration section */

/* Begin XCConfigurationList section */
		2F1654812313B6B300DA58BB /* Build configuration list for PBXProject "OnMap" */ = {
			isa = XCConfigurationList;
			buildConfigurations = (
				2F1654AC2313B6B400DA58BB /* Debug */,
				2F1654AD2313B6B400DA58BB /* Release */,
			);
			defaultConfigurationIsVisible = 0;
			defaultConfigurationName = Release;
		};
		2F1654AE2313B6B400DA58BB /* Build configuration list for PBXNativeTarget "OnMap" */ = {
			isa = XCConfigurationList;
			buildConfigurations = (
				2F1654AF2313B6B400DA58BB /* Debug */,
				2F1654B02313B6B400DA58BB /* Release */,
			);
			defaultConfigurationIsVisible = 0;
			defaultConfigurationName = Release;
		};
		2F1654B12313B6B400DA58BB /* Build configuration list for PBXNativeTarget "OnMapTests" */ = {
			isa = XCConfigurationList;
			buildConfigurations = (
				2F1654B22313B6B400DA58BB /* Debug */,
				2F1654B32313B6B400DA58BB /* Release */,
			);
			defaultConfigurationIsVisible = 0;
			defaultConfigurationName = Release;
		};
		2F1654B42313B6B400DA58BB /* Build configuration list for PBXNativeTarget "OnMapUITests" */ = {
			isa = XCConfigurationList;
			buildConfigurations = (
				2F1654B52313B6B400DA58BB /* Debug */,
				2F1654B62313B6B400DA58BB /* Release */,
			);
			defaultConfigurationIsVisible = 0;
			defaultConfigurationName = Release;
		};
/* End XCConfigurationList section */
	};
	rootObject = 2F16547E2313B6B300DA58BB /* Project object */;
}
